// !$*UTF8*$!
{
	archiveVersion = 1;
	classes = {
	};
	objectVersion = 50;
	objects = {

/* Begin PBXBuildFile section */
		0C1EC3A4252FD0580075DEF6 /* AppDelegate.swift in Sources */ = {isa = PBXBuildFile; fileRef = 0C1EC3A3252FD0580075DEF6 /* AppDelegate.swift */; };
		0C1EC3A6252FD0580075DEF6 /* SceneDelegate.swift in Sources */ = {isa = PBXBuildFile; fileRef = 0C1EC3A5252FD0580075DEF6 /* SceneDelegate.swift */; };
		0C1EC3A8252FD0580075DEF6 /* ViewController.swift in Sources */ = {isa = PBXBuildFile; fileRef = 0C1EC3A7252FD0580075DEF6 /* ViewController.swift */; };
		0C1EC3AB252FD0580075DEF6 /* Main.storyboard in Resources */ = {isa = PBXBuildFile; fileRef = 0C1EC3A9252FD0580075DEF6 /* Main.storyboard */; };
		0C1EC3AD252FD05E0075DEF6 /* Assets.xcassets in Resources */ = {isa = PBXBuildFile; fileRef = 0C1EC3AC252FD05E0075DEF6 /* Assets.xcassets */; };
		0C1EC3B0252FD05E0075DEF6 /* LaunchScreen.storyboard in Resources */ = {isa = PBXBuildFile; fileRef = 0C1EC3AE252FD05E0075DEF6 /* LaunchScreen.storyboard */; };
		0C1EC3BB252FD05F0075DEF6 /* Calculator_BrainTests.swift in Sources */ = {isa = PBXBuildFile; fileRef = 0C1EC3BA252FD05F0075DEF6 /* Calculator_BrainTests.swift */; };
		0C1EC3C6252FD05F0075DEF6 /* Calculator_BrainUITests.swift in Sources */ = {isa = PBXBuildFile; fileRef = 0C1EC3C5252FD05F0075DEF6 /* Calculator_BrainUITests.swift */; };
		0CB6D9C3252FE505006409FB /* Calculator_Brain.swift in Sources */ = {isa = PBXBuildFile; fileRef = 0CB6D9C2252FE505006409FB /* Calculator_Brain.swift */; };
/* End PBXBuildFile section */

/* Begin PBXContainerItemProxy section */
		0C1EC3B7252FD05E0075DEF6 /* PBXContainerItemProxy */ = {
			isa = PBXContainerItemProxy;
			containerPortal = 0C1EC398252FD0580075DEF6 /* Project object */;
			proxyType = 1;
			remoteGlobalIDString = 0C1EC39F252FD0580075DEF6;
			remoteInfo = Calculator_Brain;
		};
		0C1EC3C2252FD05F0075DEF6 /* PBXContainerItemProxy */ = {
			isa = PBXContainerItemProxy;
			containerPortal = 0C1EC398252FD0580075DEF6 /* Project object */;
			proxyType = 1;
			remoteGlobalIDString = 0C1EC39F252FD0580075DEF6;
			remoteInfo = Calculator_Brain;
		};
/* End PBXContainerItemProxy section */

/* Begin PBXFileReference section */
		0C1EC3A0252FD0580075DEF6 /* Calculator_Brain.app */ = {isa = PBXFileReference; explicitFileType = wrapper.application; includeInIndex = 0; path = Calculator_Brain.app; sourceTree = BUILT_PRODUCTS_DIR; };
		0C1EC3A3252FD0580075DEF6 /* AppDelegate.swift */ = {isa = PBXFileReference; lastKnownFileType = sourcecode.swift; path = AppDelegate.swift; sourceTree = "<group>"; };
		0C1EC3A5252FD0580075DEF6 /* SceneDelegate.swift */ = {isa = PBXFileReference; lastKnownFileType = sourcecode.swift; path = SceneDelegate.swift; sourceTree = "<group>"; };
		0C1EC3A7252FD0580075DEF6 /* ViewController.swift */ = {isa = PBXFileReference; lastKnownFileType = sourcecode.swift; path = ViewController.swift; sourceTree = "<group>"; };
		0C1EC3AA252FD0580075DEF6 /* Base */ = {isa = PBXFileReference; lastKnownFileType = file.storyboard; name = Base; path = Base.lproj/Main.storyboard; sourceTree = "<group>"; };
		0C1EC3AC252FD05E0075DEF6 /* Assets.xcassets */ = {isa = PBXFileReference; lastKnownFileType = folder.assetcatalog; path = Assets.xcassets; sourceTree = "<group>"; };
		0C1EC3AF252FD05E0075DEF6 /* Base */ = {isa = PBXFileReference; lastKnownFileType = file.storyboard; name = Base; path = Base.lproj/LaunchScreen.storyboard; sourceTree = "<group>"; };
		0C1EC3B1252FD05E0075DEF6 /* Info.plist */ = {isa = PBXFileReference; lastKnownFileType = text.plist.xml; path = Info.plist; sourceTree = "<group>"; };
		0C1EC3B6252FD05E0075DEF6 /* Calculator_BrainTests.xctest */ = {isa = PBXFileReference; explicitFileType = wrapper.cfbundle; includeInIndex = 0; path = Calculator_BrainTests.xctest; sourceTree = BUILT_PRODUCTS_DIR; };
		0C1EC3BA252FD05F0075DEF6 /* Calculator_BrainTests.swift */ = {isa = PBXFileReference; lastKnownFileType = sourcecode.swift; path = Calculator_BrainTests.swift; sourceTree = "<group>"; };
		0C1EC3BC252FD05F0075DEF6 /* Info.plist */ = {isa = PBXFileReference; lastKnownFileType = text.plist.xml; path = Info.plist; sourceTree = "<group>"; };
		0C1EC3C1252FD05F0075DEF6 /* Calculator_BrainUITests.xctest */ = {isa = PBXFileReference; explicitFileType = wrapper.cfbundle; includeInIndex = 0; path = Calculator_BrainUITests.xctest; sourceTree = BUILT_PRODUCTS_DIR; };
		0C1EC3C5252FD05F0075DEF6 /* Calculator_BrainUITests.swift */ = {isa = PBXFileReference; lastKnownFileType = sourcecode.swift; path = Calculator_BrainUITests.swift; sourceTree = "<group>"; };
		0C1EC3C7252FD05F0075DEF6 /* Info.plist */ = {isa = PBXFileReference; lastKnownFileType = text.plist.xml; path = Info.plist; sourceTree = "<group>"; };
		0CB6D9C2252FE505006409FB /* Calculator_Brain.swift */ = {isa = PBXFileReference; lastKnownFileType = sourcecode.swift; path = Calculator_Brain.swift; sourceTree = "<group>"; };
/* End PBXFileReference section */

/* Begin PBXFrameworksBuildPhase section */
		0C1EC39D252FD0580075DEF6 /* Frameworks */ = {
			isa = PBXFrameworksBuildPhase;
			buildActionMask = 2147483647;
			files = (
			);
			runOnlyForDeploymentPostprocessing = 0;
		};
		0C1EC3B3252FD05E0075DEF6 /* Frameworks */ = {
			isa = PBXFrameworksBuildPhase;
			buildActionMask = 2147483647;
			files = (
			);
			runOnlyForDeploymentPostprocessing = 0;
		};
		0C1EC3BE252FD05F0075DEF6 /* Frameworks */ = {
			isa = PBXFrameworksBuildPhase;
			buildActionMask = 2147483647;
			files = (
			);
			runOnlyForDeploymentPostprocessing = 0;
		};
/* End PBXFrameworksBuildPhase section */

/* Begin PBXGroup section */
		0C1EC397252FD0580075DEF6 = {
			isa = PBXGroup;
			children = (
				0C1EC3A2252FD0580075DEF6 /* Calculator_Brain */,
				0C1EC3B9252FD05F0075DEF6 /* Calculator_BrainTests */,
				0C1EC3C4252FD05F0075DEF6 /* Calculator_BrainUITests */,
				0C1EC3A1252FD0580075DEF6 /* Products */,
			);
			sourceTree = "<group>";
		};
		0C1EC3A1252FD0580075DEF6 /* Products */ = {
			isa = PBXGroup;
			children = (
				0C1EC3A0252FD0580075DEF6 /* Calculator_Brain.app */,
				0C1EC3B6252FD05E0075DEF6 /* Calculator_BrainTests.xctest */,
				0C1EC3C1252FD05F0075DEF6 /* Calculator_BrainUITests.xctest */,
			);
			name = Products;
			sourceTree = "<group>";
		};
		0C1EC3A2252FD0580075DEF6 /* Calculator_Brain */ = {
			isa = PBXGroup;
			children = (
				0C1EC3A3252FD0580075DEF6 /* AppDelegate.swift */,
				0C1EC3A5252FD0580075DEF6 /* SceneDelegate.swift */,
				0C1EC3A7252FD0580075DEF6 /* ViewController.swift */,
				0C1EC3A9252FD0580075DEF6 /* Main.storyboard */,
				0C1EC3AC252FD05E0075DEF6 /* Assets.xcassets */,
				0C1EC3AE252FD05E0075DEF6 /* LaunchScreen.storyboard */,
				0C1EC3B1252FD05E0075DEF6 /* Info.plist */,
				0CB6D9C2252FE505006409FB /* Calculator_Brain.swift */,
			);
			path = Calculator_Brain;
			sourceTree = "<group>";
		};
		0C1EC3B9252FD05F0075DEF6 /* Calculator_BrainTests */ = {
			isa = PBXGroup;
			children = (
				0C1EC3BA252FD05F0075DEF6 /* Calculator_BrainTests.swift */,
				0C1EC3BC252FD05F0075DEF6 /* Info.plist */,
			);
			path = Calculator_BrainTests;
			sourceTree = "<group>";
		};
		0C1EC3C4252FD05F0075DEF6 /* Calculator_BrainUITests */ = {
			isa = PBXGroup;
			children = (
				0C1EC3C5252FD05F0075DEF6 /* Calculator_BrainUITests.swift */,
				0C1EC3C7252FD05F0075DEF6 /* Info.plist */,
			);
			path = Calculator_BrainUITests;
			sourceTree = "<group>";
		};
/* End PBXGroup section */

/* Begin PBXNativeTarget section */
		0C1EC39F252FD0580075DEF6 /* Calculator_Brain */ = {
			isa = PBXNativeTarget;
			buildConfigurationList = 0C1EC3CA252FD05F0075DEF6 /* Build configuration list for PBXNativeTarget "Calculator_Brain" */;
			buildPhases = (
				0C1EC39C252FD0580075DEF6 /* Sources */,
				0C1EC39D252FD0580075DEF6 /* Frameworks */,
				0C1EC39E252FD0580075DEF6 /* Resources */,
			);
			buildRules = (
			);
			dependencies = (
			);
			name = Calculator_Brain;
			productName = Calculator_Brain;
			productReference = 0C1EC3A0252FD0580075DEF6 /* Calculator_Brain.app */;
			productType = "com.apple.product-type.application";
		};
		0C1EC3B5252FD05E0075DEF6 /* Calculator_BrainTests */ = {
			isa = PBXNativeTarget;
			buildConfigurationList = 0C1EC3CD252FD05F0075DEF6 /* Build configuration list for PBXNativeTarget "Calculator_BrainTests" */;
			buildPhases = (
				0C1EC3B2252FD05E0075DEF6 /* Sources */,
				0C1EC3B3252FD05E0075DEF6 /* Frameworks */,
				0C1EC3B4252FD05E0075DEF6 /* Resources */,
			);
			buildRules = (
			);
			dependencies = (
				0C1EC3B8252FD05E0075DEF6 /* PBXTargetDependency */,
			);
			name = Calculator_BrainTests;
			productName = Calculator_BrainTests;
			productReference = 0C1EC3B6252FD05E0075DEF6 /* Calculator_BrainTests.xctest */;
			productType = "com.apple.product-type.bundle.unit-test";
		};
		0C1EC3C0252FD05F0075DEF6 /* Calculator_BrainUITests */ = {
			isa = PBXNativeTarget;
			buildConfigurationList = 0C1EC3D0252FD05F0075DEF6 /* Build configuration list for PBXNativeTarget "Calculator_BrainUITests" */;
			buildPhases = (
				0C1EC3BD252FD05F0075DEF6 /* Sources */,
				0C1EC3BE252FD05F0075DEF6 /* Frameworks */,
				0C1EC3BF252FD05F0075DEF6 /* Resources */,
			);
			buildRules = (
			);
			dependencies = (
				0C1EC3C3252FD05F0075DEF6 /* PBXTargetDependency */,
			);
			name = Calculator_BrainUITests;
			productName = Calculator_BrainUITests;
			productReference = 0C1EC3C1252FD05F0075DEF6 /* Calculator_BrainUITests.xctest */;
			productType = "com.apple.product-type.bundle.ui-testing";
		};
/* End PBXNativeTarget section */

/* Begin PBXProject section */
		0C1EC398252FD0580075DEF6 /* Project object */ = {
			isa = PBXProject;
			attributes = {
				LastSwiftUpdateCheck = 1130;
				LastUpgradeCheck = 1130;
				ORGANIZATIONNAME = "user182438(AmrinderKaur)";
				TargetAttributes = {
					0C1EC39F252FD0580075DEF6 = {
						CreatedOnToolsVersion = 11.3.1;
					};
					0C1EC3B5252FD05E0075DEF6 = {
						CreatedOnToolsVersion = 11.3.1;
						TestTargetID = 0C1EC39F252FD0580075DEF6;
					};
					0C1EC3C0252FD05F0075DEF6 = {
						CreatedOnToolsVersion = 11.3.1;
						TestTargetID = 0C1EC39F252FD0580075DEF6;
					};
				};
			};
			buildConfigurationList = 0C1EC39B252FD0580075DEF6 /* Build configuration list for PBXProject "Calculator_Brain" */;
			compatibilityVersion = "Xcode 9.3";
			developmentRegion = en;
			hasScannedForEncodings = 0;
			knownRegions = (
				en,
				Base,
			);
			mainGroup = 0C1EC397252FD0580075DEF6;
			productRefGroup = 0C1EC3A1252FD0580075DEF6 /* Products */;
			projectDirPath = "";
			projectRoot = "";
			targets = (
				0C1EC39F252FD0580075DEF6 /* Calculator_Brain */,
				0C1EC3B5252FD05E0075DEF6 /* Calculator_BrainTests */,
				0C1EC3C0252FD05F0075DEF6 /* Calculator_BrainUITests */,
			);
		};
/* End PBXProject section */

/* Begin PBXResourcesBuildPhase section */
		0C1EC39E252FD0580075DEF6 /* Resources */ = {
			isa = PBXResourcesBuildPhase;
			buildActionMask = 2147483647;
			files = (
				0C1EC3B0252FD05E0075DEF6 /* LaunchScreen.storyboard in Resources */,
				0C1EC3AD252FD05E0075DEF6 /* Assets.xcassets in Resources */,
				0C1EC3AB252FD0580075DEF6 /* Main.storyboard in Resources */,
			);
			runOnlyForDeploymentPostprocessing = 0;
		};
		0C1EC3B4252FD05E0075DEF6 /* Resources */ = {
			isa = PBXResourcesBuildPhase;
			buildActionMask = 2147483647;
			files = (
			);
			runOnlyForDeploymentPostprocessing = 0;
		};
		0C1EC3BF252FD05F0075DEF6 /* Resources */ = {
			isa = PBXResourcesBuildPhase;
			buildActionMask = 2147483647;
			files = (
			);
			runOnlyForDeploymentPostprocessing = 0;
		};
/* End PBXResourcesBuildPhase section */

/* Begin PBXSourcesBuildPhase section */
		0C1EC39C252FD0580075DEF6 /* Sources */ = {
			isa = PBXSourcesBuildPhase;
			buildActionMask = 2147483647;
			files = (
				0C1EC3A8252FD0580075DEF6 /* ViewController.swift in Sources */,
				0C1EC3A4252FD0580075DEF6 /* AppDelegate.swift in Sources */,
				0CB6D9C3252FE505006409FB /* Calculator_Brain.swift in Sources */,
				0C1EC3A6252FD0580075DEF6 /* SceneDelegate.swift in Sources */,
			);
			runOnlyForDeploymentPostprocessing = 0;
		};
		0C1EC3B2252FD05E0075DEF6 /* Sources */ = {
			isa = PBXSourcesBuildPhase;
			buildActionMask = 2147483647;
			files = (
				0C1EC3BB252FD05F0075DEF6 /* Calculator_BrainTests.swift in Sources */,
			);
			runOnlyForDeploymentPostprocessing = 0;
		};
		0C1EC3BD252FD05F0075DEF6 /* Sources */ = {
			isa = PBXSourcesBuildPhase;
			buildActionMask = 2147483647;
			files = (
				0C1EC3C6252FD05F0075DEF6 /* Calculator_BrainUITests.swift in Sources */,
			);
			runOnlyForDeploymentPostprocessing = 0;
		};
/* End PBXSourcesBuildPhase section */

/* Begin PBXTargetDependency section */
		0C1EC3B8252FD05E0075DEF6 /* PBXTargetDependency */ = {
			isa = PBXTargetDependency;
			target = 0C1EC39F252FD0580075DEF6 /* Calculator_Brain */;
			targetProxy = 0C1EC3B7252FD05E0075DEF6 /* PBXContainerItemProxy */;
		};
		0C1EC3C3252FD05F0075DEF6 /* PBXTargetDependency */ = {
			isa = PBXTargetDependency;
			target = 0C1EC39F252FD0580075DEF6 /* Calculator_Brain */;
			targetProxy = 0C1EC3C2252FD05F0075DEF6 /* PBXContainerItemProxy */;
		};
/* End PBXTargetDependency section */

/* Begin PBXVariantGroup section */
		0C1EC3A9252FD0580075DEF6 /* Main.storyboard */ = {
			isa = PBXVariantGroup;
			children = (
				0C1EC3AA252FD0580075DEF6 /* Base */,
			);
			name = Main.storyboard;
			sourceTree = "<group>";
		};
		0C1EC3AE252FD05E0075DEF6 /* LaunchScreen.storyboard */ = {
			isa = PBXVariantGroup;
			children = (
				0C1EC3AF252FD05E0075DEF6 /* Base */,
			);
			name = LaunchScreen.storyboard;
			sourceTree = "<group>";
		};
/* End PBXVariantGroup section */

/* Begin XCBuildConfiguration section */
		0C1EC3C8252FD05F0075DEF6 /* Debug */ = {
			isa = XCBuildConfiguration;
			buildSettings = {
				ALWAYS_SEARCH_USER_PATHS = NO;
				CLANG_ANALYZER_NONNULL = YES;
				CLANG_ANALYZER_NUMBER_OBJECT_CONVERSION = YES_AGGRESSIVE;
				CLANG_CXX_LANGUAGE_STANDARD = "gnu++14";
				CLANG_CXX_LIBRARY = "libc++";
				CLANG_ENABLE_MODULES = YES;
				CLANG_ENABLE_OBJC_ARC = YES;
				CLANG_ENABLE_OBJC_WEAK = YES;
				CLANG_WARN_BLOCK_CAPTURE_AUTORELEASING = YES;
				CLANG_WARN_BOOL_CONVERSION = YES;
				CLANG_WARN_COMMA = YES;
				CLANG_WARN_CONSTANT_CONVERSION = YES;
				CLANG_WARN_DEPRECATED_OBJC_IMPLEMENTATIONS = YES;
				CLANG_WARN_DIRECT_OBJC_ISA_USAGE = YES_ERROR;
				CLANG_WARN_DOCUMENTATION_COMMENTS = YES;
				CLANG_WARN_EMPTY_BODY = YES;
				CLANG_WARN_ENUM_CONVERSION = YES;
				CLANG_WARN_INFINITE_RECURSION = YES;
				CLANG_WARN_INT_CONVERSION = YES;
				CLANG_WARN_NON_LITERAL_NULL_CONVERSION = YES;
				CLANG_WARN_OBJC_IMPLICIT_RETAIN_SELF = YES;
				CLANG_WARN_OBJC_LITERAL_CONVERSION = YES;
				CLANG_WARN_OBJC_ROOT_CLASS = YES_ERROR;
				CLANG_WARN_RANGE_LOOP_ANALYSIS = YES;
				CLANG_WARN_STRICT_PROTOTYPES = YES;
				CLANG_WARN_SUSPICIOUS_MOVE = YES;
				CLANG_WARN_UNGUARDED_AVAILABILITY = YES_AGGRESSIVE;
				CLANG_WARN_UNREACHABLE_CODE = YES;
				CLANG_WARN__DUPLICATE_METHOD_MATCH = YES;
				COPY_PHASE_STRIP = NO;
				DEBUG_INFORMATION_FORMAT = dwarf;
				ENABLE_STRICT_OBJC_MSGSEND = YES;
				ENABLE_TESTABILITY = YES;
				GCC_C_LANGUAGE_STANDARD = gnu11;
				GCC_DYNAMIC_NO_PIC = NO;
				GCC_NO_COMMON_BLOCKS = YES;
				GCC_OPTIMIZATION_LEVEL = 0;
				GCC_PREPROCESSOR_DEFINITIONS = (
					"DEBUG=1",
					"$(inherited)",
				);
				GCC_WARN_64_TO_32_BIT_CONVERSION = YES;
				GCC_WARN_ABOUT_RETURN_TYPE = YES_ERROR;
				GCC_WARN_UNDECLARED_SELECTOR = YES;
				GCC_WARN_UNINITIALIZED_AUTOS = YES_AGGRESSIVE;
				GCC_WARN_UNUSED_FUNCTION = YES;
				GCC_WARN_UNUSED_VARIABLE = YES;
				IPHONEOS_DEPLOYMENT_TARGET = 13.2;
				MTL_ENABLE_DEBUG_INFO = INCLUDE_SOURCE;
				MTL_FAST_MATH = YES;
				ONLY_ACTIVE_ARCH = YES;
				SDKROOT = iphoneos;
				SWIFT_ACTIVE_COMPILATION_CONDITIONS = DEBUG;
				SWIFT_OPTIMIZATION_LEVEL = "-Onone";
			};
			name = Debug;
		};
		0C1EC3C9252FD05F0075DEF6 /* Release */ = {
			isa = XCBuildConfiguration;
			buildSettings = {
				ALWAYS_SEARCH_USER_PATHS = NO;
				CLANG_ANALYZER_NONNULL = YES;
				CLANG_ANALYZER_NUMBER_OBJECT_CONVERSION = YES_AGGRESSIVE;
				CLANG_CXX_LANGUAGE_STANDARD = "gnu++14";
				CLANG_CXX_LIBRARY = "libc++";
				CLANG_ENABLE_MODULES = YES;
				CLANG_ENABLE_OBJC_ARC = YES;
				CLANG_ENABLE_OBJC_WEAK = YES;
				CLANG_WARN_BLOCK_CAPTURE_AUTORELEASING = YES;
				CLANG_WARN_BOOL_CONVERSION = YES;
				CLANG_WARN_COMMA = YES;
				CLANG_WARN_CONSTANT_CONVERSION = YES;
				CLANG_WARN_DEPRECATED_OBJC_IMPLEMENTATIONS = YES;
				CLANG_WARN_DIRECT_OBJC_ISA_USAGE = YES_ERROR;
				CLANG_WARN_DOCUMENTATION_COMMENTS = YES;
				CLANG_WARN_EMPTY_BODY = YES;
				CLANG_WARN_ENUM_CONVERSION = YES;
				CLANG_WARN_INFINITE_RECURSION = YES;
				CLANG_WARN_INT_CONVERSION = YES;
				CLANG_WARN_NON_LITERAL_NULL_CONVERSION = YES;
				CLANG_WARN_OBJC_IMPLICIT_RETAIN_SELF = YES;
				CLANG_WARN_OBJC_LITERAL_CONVERSION = YES;
				CLANG_WARN_OBJC_ROOT_CLASS = YES_ERROR;
				CLANG_WARN_RANGE_LOOP_ANALYSIS = YES;
				CLANG_WARN_STRICT_PROTOTYPES = YES;
				CLANG_WARN_SUSPICIOUS_MOVE = YES;
				CLANG_WARN_UNGUARDED_AVAILABILITY = YES_AGGRESSIVE;
				CLANG_WARN_UNREACHABLE_CODE = YES;
				CLANG_WARN__DUPLICATE_METHOD_MATCH = YES;
				COPY_PHASE_STRIP = NO;
				DEBUG_INFORMATION_FORMAT = "dwarf-with-dsym";
				ENABLE_NS_ASSERTIONS = NO;
				ENABLE_STRICT_OBJC_MSGSEND = YES;
				GCC_C_LANGUAGE_STANDARD = gnu11;
				GCC_NO_COMMON_BLOCKS = YES;
				GCC_WARN_64_TO_32_BIT_CONVERSION = YES;
				GCC_WARN_ABOUT_RETURN_TYPE = YES_ERROR;
				GCC_WARN_UNDECLARED_SELECTOR = YES;
				GCC_WARN_UNINITIALIZED_AUTOS = YES_AGGRESSIVE;
				GCC_WARN_UNUSED_FUNCTION = YES;
				GCC_WARN_UNUSED_VARIABLE = YES;
				IPHONEOS_DEPLOYMENT_TARGET = 13.2;
				MTL_ENABLE_DEBUG_INFO = NO;
				MTL_FAST_MATH = YES;
				SDKROOT = iphoneos;
				SWIFT_COMPILATION_MODE = wholemodule;
				SWIFT_OPTIMIZATION_LEVEL = "-O";
				VALIDATE_PRODUCT = YES;
			};
			name = Release;
		};
		0C1EC3CB252FD05F0075DEF6 /* Debug */ = {
			isa = XCBuildConfiguration;
			buildSettings = {
				ASSETCATALOG_COMPILER_APPICON_NAME = AppIcon;
				CODE_SIGN_STYLE = Automatic;
				INFOPLIST_FILE = Calculator_Brain/Info.plist;
				LD_RUNPATH_SEARCH_PATHS = (
					"$(inherited)",
					"@executable_path/Frameworks",
				);
				PRODUCT_BUNDLE_IDENTIFIER = "ca.humber.Calculator-Brain";
				PRODUCT_NAME = "$(TARGET_NAME)";
				SWIFT_VERSION = 5.0;
				TARGETED_DEVICE_FAMILY = "1,2";
			};
			name = Debug;
		};
		0C1EC3CC252FD05F0075DEF6 /* Release */ = {
			isa = XCBuildConfiguration;
			buildSettings = {
				ASSETCATALOG_COMPILER_APPICON_NAME = AppIcon;
				CODE_SIGN_STYLE = Automatic;
				INFOPLIST_FILE = Calculator_Brain/Info.plist;
				LD_RUNPATH_SEARCH_PATHS = (
					"$(inherited)",
					"@executable_path/Frameworks",
				);
				PRODUCT_BUNDLE_IDENTIFIER = "ca.humber.Calculator-Brain";
				PRODUCT_NAME = "$(TARGET_NAME)";
				SWIFT_VERSION = 5.0;
				TARGETED_DEVICE_FAMILY = "1,2";
			};
			name = Release;
		};
		0C1EC3CE252FD05F0075DEF6 /* Debug */ = {
			isa = XCBuildConfiguration;
			buildSettings = {
				ALWAYS_EMBED_SWIFT_STANDARD_LIBRARIES = YES;
				BUNDLE_LOADER = "$(TEST_HOST)";
				CODE_SIGN_STYLE = Automatic;
				INFOPLIST_FILE = Calculator_BrainTests/Info.plist;
				IPHONEOS_DEPLOYMENT_TARGET = 13.2;
				LD_RUNPATH_SEARCH_PATHS = (
					"$(inherited)",
					"@executable_path/Frameworks",
					"@loader_path/Frameworks",
				);
				PRODUCT_BUNDLE_IDENTIFIER = "ca.humber.Calculator-BrainTests";
				PRODUCT_NAME = "$(TARGET_NAME)";
				SWIFT_VERSION = 5.0;
				TARGETED_DEVICE_FAMILY = "1,2";
				TEST_HOST = "$(BUILT_PRODUCTS_DIR)/Calculator_Brain.app/Calculator_Brain";
			};
			name = Debug;
		};
		0C1EC3CF252FD05F0075DEF6 /* Release */ = {
			isa = XCBuildConfiguration;
			buildSettings = {
				ALWAYS_EMBED_SWIFT_STANDARD_LIBRARIES = YES;
				BUNDLE_LOADER = "$(TEST_HOST)";
				CODE_SIGN_STYLE = Automatic;
				INFOPLIST_FILE = Calculator_BrainTests/Info.plist;
				IPHONEOS_DEPLOYMENT_TARGET = 13.2;
				LD_RUNPATH_SEARCH_PATHS = (
					"$(inherited)",
					"@executable_path/Frameworks",
					"@loader_path/Frameworks",
				);
				PRODUCT_BUNDLE_IDENTIFIER = "ca.humber.Calculator-BrainTests";
				PRODUCT_NAME = "$(TARGET_NAME)";
				SWIFT_VERSION = 5.0;
				TARGETED_DEVICE_FAMILY = "1,2";
				TEST_HOST = "$(BUILT_PRODUCTS_DIR)/Calculator_Brain.app/Calculator_Brain";
			};
			name = Release;
		};
		0C1EC3D1252FD05F0075DEF6 /* Debug */ = {
			isa = XCBuildConfiguration;
			buildSettings = {
				ALWAYS_EMBED_SWIFT_STANDARD_LIBRARIES = YES;
				CODE_SIGN_STYLE = Automatic;
				INFOPLIST_FILE = Calculator_BrainUITests/Info.plist;
				LD_RUNPATH_SEARCH_PATHS = (
					"$(inherited)",
					"@executable_path/Frameworks",
					"@loader_path/Frameworks",
				);
				PRODUCT_BUNDLE_IDENTIFIER = "ca.humber.Calculator-BrainUITests";
				PRODUCT_NAME = "$(TARGET_NAME)";
				SWIFT_VERSION = 5.0;
				TARGETED_DEVICE_FAMILY = "1,2";
				TEST_TARGET_NAME = Calculator_Brain;
			};
			name = Debug;
		};
		0C1EC3D2252FD05F0075DEF6 /* Release */ = {
			isa = XCBuildConfiguration;
			buildSettings = {
				ALWAYS_EMBED_SWIFT_STANDARD_LIBRARIES = YES;
				CODE_SIGN_STYLE = Automatic;
				INFOPLIST_FILE = Calculator_BrainUITests/Info.plist;
				LD_RUNPATH_SEARCH_PATHS = (
					"$(inherited)",
					"@executable_path/Frameworks",
					"@loader_path/Frameworks",
				);
				PRODUCT_BUNDLE_IDENTIFIER = "ca.humber.Calculator-BrainUITests";
				PRODUCT_NAME = "$(TARGET_NAME)";
				SWIFT_VERSION = 5.0;
				TARGETED_DEVICE_FAMILY = "1,2";
				TEST_TARGET_NAME = Calculator_Brain;
			};
			name = Release;
		};
/* End XCBuildConfiguration section */

/* Begin XCConfigurationList section */
		0C1EC39B252FD0580075DEF6 /* Build configuration list for PBXProject "Calculator_Brain" */ = {
			isa = XCConfigurationList;
			buildConfigurations = (
				0C1EC3C8252FD05F0075DEF6 /* Debug */,
				0C1EC3C9252FD05F0075DEF6 /* Release */,
			);
			defaultConfigurationIsVisible = 0;
			defaultConfigurationName = Release;
		};
		0C1EC3CA252FD05F0075DEF6 /* Build configuration list for PBXNativeTarget "Calculator_Brain" */ = {
			isa = XCConfigurationList;
			buildConfigurations = (
				0C1EC3CB252FD05F0075DEF6 /* Debug */,
				0C1EC3CC252FD05F0075DEF6 /* Release */,
			);
			defaultConfigurationIsVisible = 0;
			defaultConfigurationName = Release;
		};
		0C1EC3CD252FD05F0075DEF6 /* Build configuration list for PBXNativeTarget "Calculator_BrainTests" */ = {
			isa = XCConfigurationList;
			buildConfigurations = (
				0C1EC3CE252FD05F0075DEF6 /* Debug */,
				0C1EC3CF252FD05F0075DEF6 /* Release */,
			);
			defaultConfigurationIsVisible = 0;
			defaultConfigurationName = Release;
		};
		0C1EC3D0252FD05F0075DEF6 /* Build configuration list for PBXNativeTarget "Calculator_BrainUITests" */ = {
			isa = XCConfigurationList;
			buildConfigurations = (
				0C1EC3D1252FD05F0075DEF6 /* Debug */,
				0C1EC3D2252FD05F0075DEF6 /* Release */,
			);
			defaultConfigurationIsVisible = 0;
			defaultConfigurationName = Release;
		};
/* End XCConfigurationList section */
	};
	rootObject = 0C1EC398252FD0580075DEF6 /* Project object */;
}
